github.com/Azure/azure-docker-extension v0.0.0-20160802215703-0dd2f199467d h1:IZq7wAvhHb/IObHOh8RHClV2zv4dHh5MrHdRWTTIwe0=
github.com/Azure/azure-docker-extension v0.0.0-20160802215703-0dd2f199467d/go.mod h1:tVA4DYQYxotjw+EkJhfywtM99w7nAOatBvgNAkpsBvk=
github.com/davecgh/go-spew v0.0.0-20151105211317-5215b55f46b2 h1:5zdDAMuB3gvbHB1m2BZT9+t9w+xaBmK3ehb7skDXcwM=
github.com/davecgh/go-spew v0.0.0-20151105211317-5215b55f46b2/go.mod h1:J7Y8YcW2NihsgmVo/mv3lAwl/skON4iLHjSsI+c5H38=
github.com/go-kit/kit v0.1.1-0.20160721083846-b076b44dbec2 h1:awXynDTA1TiAp1SA/o/xoU6oRHE3xKCokck9l4/poMc=
github.com/go-kit/kit v0.1.1-0.20160721083846-b076b44dbec2/go.mod h1:xBxKIO96dXMWWy0MnWVtmwkA9/13aqxPnvrjFYMA2as=
github.com/go-logfmt/logfmt v0.2.1-0.20160601130801-d4327190ff83 h1:WEFlTYvIQSd2ofUwgM9nOR+KTzdG/pLZzdUlDp6mciM=
github.com/go-logfmt/logfmt v0.2.1-0.20160601130801-d4327190ff83/go.mod h1:Qt1PoO58o5twSAckw1HlFXLmHsOX5/0LbT9GBnD5lWE=
github.com/go-stack/stack v1.5.2 h1:5sTB/0oZM2O31k/N1IRwxxVXzLIt5NF2Aqx/2gWI9OY=
github.com/go-stack/stack v1.5.2/go.mod h1:v0f6uXyyMGvRgIKkXu+yp6POWl0qKG85gN/melR3HDY=
github.com/kr/logfmt v0.0.0-20140226030751-b84e30acd515 h1:T+h1c/A9Gawja4Y9mFVWj2vyii2bbUNDw3kt9VxK2EY=
github.com/kr/logfmt v0.0.0-20140226030751-b84e30acd515/go.mod h1:+0opPa2QZZtGFBFZlji/RkVcI2GknAs/DXo4wKdlNEc=
github.com/pkg/errors v0.7.1-0.20160627222352-a2d6902c6d2a h1:dKpZ0nc8i7prliB4AIfJulQxsX7whlVwi6j5HqaYUl4=
github.com/pkg/errors v0.7.1-0.20160627222352-a2d6902c6d2a/go.mod h1:bwawxfHBFNV+L2hUp1rHADufV3IMtnDRdf1r5NINEl0=
github.com/pmezard/go-difflib v1.0.0 h1:4DBwDE0NGyQoBHbLQYPwSUPoCMWR5BEzIk/f1lZbAQM=
github.com/pmezard/go-difflib v1.0.0/go.mod h1:iKH77koFhYxTK1pcRnkKkqfTogsbg7gZNVY4sRDYZ/4=
github.com/stretchr/testify v1.1.4-0.20160615092844-d77da356e56a h1:UWu0XgfW9PCuyeZYNe2eGGkDZjooQKjVQqY/+d/jYmc=
github.com/stretchr/testify v1.1.4-0.20160615092844-d77da356e56a/go.mod h1:a8OnRcib4nhh0OaRAV+Yts87kKdq0PP7pXfy6kDkUVs=
github.com/xeipuuv/gojsonpointer v0.0.0-20151027082146-e0fe6f683076 h1:KM4T3G70MiR+JtqplcYkNVoNz7pDwYaBxWBXQK804So=
github.com/xeipuuv/gojsonpointer v0.0.0-20151027082146-e0fe6f683076/go.mod h1:N2zxlSyiKSe5eX1tZViRH5QA0qijqEDrYZiPEAiq3wU=
github.com/xeipuuv/gojsonreference v0.0.0-20150808065054-e02fc20de94c h1:XZWnr3bsDQWAZg4Ne+cPoXRPILrNlPNQfxBuwLl43is=
github.com/xeipuuv/gojsonreference v0.0.0-20150808065054-e02fc20de94c/go.mod h1:GwrjFmJcFw6At/Gs6z4yjiIwzuJ1/+UwLxMQDVQXShQ=
github.com/xeipuuv/gojsonschema v0.0.0-20160623135812-c539bca196be h1:sRGd3e18izj1hQgF1hSvDOA8RPPnA2t4p8YeLZ/GdBU=
github.com/xeipuuv/gojsonschema v0.0.0-20160623135812-c539bca196be/go.mod h1:5yf86TLmAcydyeJq5YvxkGPE2fm/u4myDekKRoLuqhs=
